// !$*UTF8*$!
{
	archiveVersion = 1;
	classes = {
	};
	objectVersion = 46;
	objects = {

/* Begin PBXBuildFile section */
		DDBCC45A1F27AC8200BBBBBD /* AppDelegate.swift in Sources */ = {isa = PBXBuildFile; fileRef = DDBCC4591F27AC8200BBBBBD /* AppDelegate.swift */; };
		DDBCC45C1F27AC8200BBBBBD /* ViewController.swift in Sources */ = {isa = PBXBuildFile; fileRef = DDBCC45B1F27AC8200BBBBBD /* ViewController.swift */; };
		DDBCC45E1F27AC8200BBBBBD /* Assets.xcassets in Resources */ = {isa = PBXBuildFile; fileRef = DDBCC45D1F27AC8200BBBBBD /* Assets.xcassets */; };
		DDBCC4611F27AC8200BBBBBD /* Main.storyboard in Resources */ = {isa = PBXBuildFile; fileRef = DDBCC45F1F27AC8200BBBBBD /* Main.storyboard */; };
/* End PBXBuildFile section */

/* Begin PBXFileReference section */
		DDBCC4561F27AC8200BBBBBD /* autolayoutTest.app */ = {isa = PBXFileReference; explicitFileType = wrapper.application; includeInIndex = 0; path = autolayoutTest.app; sourceTree = BUILT_PRODUCTS_DIR; };
		DDBCC4591F27AC8200BBBBBD /* AppDelegate.swift */ = {isa = PBXFileReference; lastKnownFileType = sourcecode.swift; path = AppDelegate.swift; sourceTree = "<group>"; };
		DDBCC45B1F27AC8200BBBBBD /* ViewController.swift */ = {isa = PBXFileReference; lastKnownFileType = sourcecode.swift; path = ViewController.swift; sourceTree = "<group>"; };
		DDBCC45D1F27AC8200BBBBBD /* Assets.xcassets */ = {isa = PBXFileReference; lastKnownFileType = folder.assetcatalog; path = Assets.xcassets; sourceTree = "<group>"; };
		DDBCC4601F27AC8200BBBBBD /* Base */ = {isa = PBXFileReference; lastKnownFileType = file.storyboard; name = Base; path = Base.lproj/Main.storyboard; sourceTree = "<group>"; };
		DDBCC4621F27AC8200BBBBBD /* Info.plist */ = {isa = PBXFileReference; lastKnownFileType = text.plist.xml; path = Info.plist; sourceTree = "<group>"; };
/* End PBXFileReference section */

/* Begin PBXFrameworksBuildPhase section */
		DDBCC4531F27AC8200BBBBBD /* Frameworks */ = {
			isa = PBXFrameworksBuildPhase;
			buildActionMask = 2147483647;
			files = (
			);
			runOnlyForDeploymentPostprocessing = 0;
		};
/* End PBXFrameworksBuildPhase section */

/* Begin PBXGroup section */
		DDBCC44D1F27AC8200BBBBBD = {
			isa = PBXGroup;
			children = (
				DDBCC4581F27AC8200BBBBBD /* autolayoutTest */,
				DDBCC4571F27AC8200BBBBBD /* Products */,
			);
			sourceTree = "<group>";
		};
		DDBCC4571F27AC8200BBBBBD /* Products */ = {
			isa = PBXGroup;
			children = (
				DDBCC4561F27AC8200BBBBBD /* autolayoutTest.app */,
			);
			name = Products;
			sourceTree = "<group>";
		};
		DDBCC4581F27AC8200BBBBBD /* autolayoutTest */ = {
			isa = PBXGroup;
			children = (
				DDBCC4591F27AC8200BBBBBD /* AppDelegate.swift */,
				DDBCC45B1F27AC8200BBBBBD /* ViewController.swift */,
				DDBCC45D1F27AC8200BBBBBD /* Assets.xcassets */,
				DDBCC45F1F27AC8200BBBBBD /* Main.storyboard */,
				DDBCC4621F27AC8200BBBBBD /* Info.plist */,
			);
			path = autolayoutTest;
			sourceTree = "<group>";
		};
/* End PBXGroup section */

/* Begin PBXNativeTarget section */
		DDBCC4551F27AC8200BBBBBD /* autolayoutTest */ = {
			isa = PBXNativeTarget;
			buildConfigurationList = DDBCC4651F27AC8200BBBBBD /* Build configuration list for PBXNativeTarget "autolayoutTest" */;
			buildPhases = (
				DDBCC4521F27AC8200BBBBBD /* Sources */,
				DDBCC4531F27AC8200BBBBBD /* Frameworks */,
				DDBCC4541F27AC8200BBBBBD /* Resources */,
			);
			buildRules = (
			);
			dependencies = (
			);
			name = autolayoutTest;
			productName = autolayoutTest;
			productReference = DDBCC4561F27AC8200BBBBBD /* autolayoutTest.app */;
			productType = "com.apple.product-type.application";
		};
/* End PBXNativeTarget section */

/* Begin PBXProject section */
		DDBCC44E1F27AC8200BBBBBD /* Project object */ = {
			isa = PBXProject;
			attributes = {
				LastSwiftUpdateCheck = 0820;
				LastUpgradeCheck = 0820;
				ORGANIZATIONNAME = "Ben Perkins";
				TargetAttributes = {
					DDBCC4551F27AC8200BBBBBD = {
						CreatedOnToolsVersion = 8.2.1;
						ProvisioningStyle = Automatic;
					};
				};
			};
			buildConfigurationList = DDBCC4511F27AC8200BBBBBD /* Build configuration list for PBXProject "autolayoutTest" */;
			compatibilityVersion = "Xcode 3.2";
			developmentRegion = English;
			hasScannedForEncodings = 0;
			knownRegions = (
				en,
				Base,
			);
			mainGroup = DDBCC44D1F27AC8200BBBBBD;
			productRefGroup = DDBCC4571F27AC8200BBBBBD /* Products */;
			projectDirPath = "";
			projectRoot = "";
			targets = (
				DDBCC4551F27AC8200BBBBBD /* autolayoutTest */,
			);
		};
/* End PBXProject section */

/* Begin PBXResourcesBuildPhase section */
		DDBCC4541F27AC8200BBBBBD /* Resources */ = {
			isa = PBXResourcesBuildPhase;
			buildActionMask = 2147483647;
			files = (
				DDBCC45E1F27AC8200BBBBBD /* Assets.xcassets in Resources */,
				DDBCC4611F27AC8200BBBBBD /* Main.storyboard in Resources */,
			);
			runOnlyForDeploymentPostprocessing = 0;
		};
/* End PBXResourcesBuildPhase section */

/* Begin PBXSourcesBuildPhase section */
		DDBCC4521F27AC8200BBBBBD /* Sources */ = {
			isa = PBXSourcesBuildPhase;
			buildActionMask = 2147483647;
			files = (
				DDBCC45C1F27AC8200BBBBBD /* ViewController.swift in Sources */,
				DDBCC45A1F27AC8200BBBBBD /* AppDelegate.swift in Sources */,
			);
			runOnlyForDeploymentPostprocessing = 0;
		};
/* End PBXSourcesBuildPhase section */

/* Begin PBXVariantGroup section */
		DDBCC45F1F27AC8200BBBBBD /* Main.storyboard */ = {
			isa = PBXVariantGroup;
			children = (
				DDBCC4601F27AC8200BBBBBD /* Base */,
			);
			name = Main.storyboard;
			sourceTree = "<group>";
		};
/* End PBXVariantGroup section */

/* Begin XCBuildConfiguration section */
		DDBCC4631F27AC8200BBBBBD /* Debug */ = {
			isa = XCBuildConfiguration;
			buildSettings = {
				ALWAYS_SEARCH_USER_PATHS = NO;
				CLANG_ANALYZER_NONNULL = YES;
				CLANG_CXX_LANGUAGE_STANDARD = "gnu++0x";
				CLANG_CXX_LIBRARY = "libc++";
				CLANG_ENABLE_MODULES = YES;
				CLANG_ENABLE_OBJC_ARC = YES;
				CLANG_WARN_BOOL_CONVERSION = YES;
				CLANG_WARN_CONSTANT_CONVERSION = YES;
				CLANG_WARN_DIRECT_OBJC_ISA_USAGE = YES_ERROR;
				CLANG_WARN_DOCUMENTATION_COMMENTS = YES;
				CLANG_WARN_EMPTY_BODY = YES;
				CLANG_WARN_ENUM_CONVERSION = YES;
				CLANG_WARN_INFINITE_RECURSION = YES;
				CLANG_WARN_INT_CONVERSION = YES;
				CLANG_WARN_OBJC_ROOT_CLASS = YES_ERROR;
				CLANG_WARN_SUSPICIOUS_MOVE = YES;
				CLANG_WARN_UNREACHABLE_CODE = YES;
				CLANG_WARN__DUPLICATE_METHOD_MATCH = YES;
				CODE_SIGN_IDENTITY = "-";
				COPY_PHASE_STRIP = NO;
				DEBUG_INFORMATION_FORMAT = dwarf;
				ENABLE_STRICT_OBJC_MSGSEND = YES;
				ENABLE_TESTABILITY = YES;
				GCC_C_LANGUAGE_STANDARD = gnu99;
				GCC_DYNAMIC_NO_PIC = NO;
				GCC_NO_COMMON_BLOCKS = YES;
				GCC_OPTIMIZATION_LEVEL = 0;
				GCC_PREPROCESSOR_DEFINITIONS = (
					"DEBUG=1",
					"$(inherited)",
				);
				GCC_WARN_64_TO_32_BIT_CONVERSION = YES;
				GCC_WARN_ABOUT_RETURN_TYPE = YES_ERROR;
				GCC_WARN_UNDECLARED_SELECTOR = YES;
				GCC_WARN_UNINITIALIZED_AUTOS = YES_AGGRESSIVE;
				GCC_WARN_UNUSED_FUNCTION = YES;
				GCC_WARN_UNUSED_VARIABLE = YES;
				MACOSX_DEPLOYMENT_TARGET = 10.11;
				MTL_ENABLE_DEBUG_INFO = YES;
				ONLY_ACTIVE_ARCH = YES;
				SDKROOT = macosx;
				SWIFT_ACTIVE_COMPILATION_CONDITIONS = DEBUG;
				SWIFT_OPTIMIZATION_LEVEL = "-Onone";
			};
			name = Debug;
		};
		DDBCC4641F27AC8200BBBBBD /* Release */ = {
			isa = XCBuildConfiguration;
			buildSettings = {
				ALWAYS_SEARCH_USER_PATHS = NO;
				CLANG_ANALYZER_NONNULL = YES;
				CLANG_CXX_LANGUAGE_STANDARD = "gnu++0x";
				CLANG_CXX_LIBRARY = "libc++";
				CLANG_ENABLE_MODULES = YES;
				CLANG_ENABLE_OBJC_ARC = YES;
				CLANG_WARN_BOOL_CONVERSION = YES;
				CLANG_WARN_CONSTANT_CONVERSION = YES;
				CLANG_WARN_DIRECT_OBJC_ISA_USAGE = YES_ERROR;
				CLANG_WARN_DOCUMENTATION_COMMENTS = YES;
				CLANG_WARN_EMPTY_BODY = YES;
				CLANG_WARN_ENUM_CONVERSION = YES;
				CLANG_WARN_INFINITE_RECURSION = YES;
				CLANG_WARN_INT_CONVERSION = YES;
				CLANG_WARN_OBJC_ROOT_CLASS = YES_ERROR;
				CLANG_WARN_SUSPICIOUS_MOVE = YES;
				CLANG_WARN_UNREACHABLE_CODE = YES;
				CLANG_WARN__DUPLICATE_METHOD_MATCH = YES;
				CODE_SIGN_IDENTITY = "-";
				COPY_PHASE_STRIP = NO;
				DEBUG_INFORMATION_FORMAT = "dwarf-with-dsym";
				ENABLE_NS_ASSERTIONS = NO;
				ENABLE_STRICT_OBJC_MSGSEND = YES;
				GCC_C_LANGUAGE_STANDARD = gnu99;
				GCC_NO_COMMON_BLOCKS = YES;
				GCC_WARN_64_TO_32_BIT_CONVERSION = YES;
				GCC_WARN_ABOUT_RETURN_TYPE = YES_ERROR;
				GCC_WARN_UNDECLARED_SELECTOR = YES;
				GCC_WARN_UNINITIALIZED_AUTOS = YES_AGGRESSIVE;
				GCC_WARN_UNUSED_FUNCTION = YES;
				GCC_WARN_UNUSED_VARIABLE = YES;
				MACOSX_DEPLOYMENT_TARGET = 10.11;
				MTL_ENABLE_DEBUG_INFO = NO;
				SDKROOT = macosx;
				SWIFT_OPTIMIZATION_LEVEL = "-Owholemodule";
			};
			name = Release;
		};
		DDBCC4661F27AC8200BBBBBD /* Debug */ = {
			isa = XCBuildConfiguration;
			buildSettings = {
				ASSETCATALOG_COMPILER_APPICON_NAME = AppIcon;
				COMBINE_HIDPI_IMAGES = YES;
				INFOPLIST_FILE = autolayoutTest/Info.plist;
				LD_RUNPATH_SEARCH_PATHS = "$(inherited) @executable_path/../Frameworks";
				PRODUCT_BUNDLE_IDENTIFIER = com.benperkins.autolayoutTest;
				PRODUCT_NAME = "$(TARGET_NAME)";
				SWIFT_VERSION = 3.0;
			};
			name = Debug;
		};
		DDBCC4671F27AC8200BBBBBD /* Release */ = {
			isa = XCBuildConfiguration;
			buildSettings = {
				ASSETCATALOG_COMPILER_APPICON_NAME = AppIcon;
				COMBINE_HIDPI_IMAGES = YES;
				INFOPLIST_FILE = autolayoutTest/Info.plist;
				LD_RUNPATH_SEARCH_PATHS = "$(inherited) @executable_path/../Frameworks";
				PRODUCT_BUNDLE_IDENTIFIER = com.benperkins.autolayoutTest;
				PRODUCT_NAME = "$(TARGET_NAME)";
				SWIFT_VERSION = 3.0;
			};
			name = Release;
		};
/* End XCBuildConfiguration section */

/* Begin XCConfigurationList section */
		DDBCC4511F27AC8200BBBBBD /* Build configuration list for PBXProject "autolayoutTest" */ = {
			isa = XCConfigurationList;
			buildConfigurations = (
				DDBCC4631F27AC8200BBBBBD /* Debug */,
				DDBCC4641F27AC8200BBBBBD /* Release */,
			);
			defaultConfigurationIsVisible = 0;
			defaultConfigurationName = Release;
		};
		DDBCC4651F27AC8200BBBBBD /* Build configuration list for PBXNativeTarget "autolayoutTest" */ = {
			isa = XCConfigurationList;
			buildConfigurations = (
				DDBCC4661F27AC8200BBBBBD /* Debug */,
				DDBCC4671F27AC8200BBBBBD /* Release */,
			);
			defaultConfigurationIsVisible = 0;
		};
/* End XCConfigurationList section */
	};
	rootObject = DDBCC44E1F27AC8200BBBBBD /* Project object */;
}
